// !$*UTF8*$!
{
	archiveVersion = 1;
	classes = {
	};
	objectVersion = 77;
	objects = {

/* Begin PBXBuildFile section */
		E5EFAB252F3E723E00A014CD /* Auth in Frameworks */ = {isa = PBXBuildFile; productRef = E5EFAB242F3E723E00A014CD /* Auth */; };
		E5EFAB272F3E723E00A014CD /* Functions in Frameworks */ = {isa = PBXBuildFile; productRef = E5EFAB262F3E723E00A014CD /* Functions */; };
		E5EFAB292F3E723E00A014CD /* PostgREST in Frameworks */ = {isa = PBXBuildFile; productRef = E5EFAB282F3E723E00A014CD /* PostgREST */; };
		E5EFAB2B2F3E723E00A014CD /* Realtime in Frameworks */ = {isa = PBXBuildFile; productRef = E5EFAB2A2F3E723E00A014CD /* Realtime */; };
		E5EFAB2D2F3E723E00A014CD /* Storage in Frameworks */ = {isa = PBXBuildFile; productRef = E5EFAB2C2F3E723E00A014CD /* Storage */; };
		E5EFAB2F2F3E723E00A014CD /* Supabase in Frameworks */ = {isa = PBXBuildFile; productRef = E5EFAB2E2F3E723E00A014CD /* Supabase */; };
/* End PBXBuildFile section */

/* Begin PBXContainerItemProxy section */
		E5B681522F1F9DFF0008F88F /* PBXContainerItemProxy */ = {
			isa = PBXContainerItemProxy;
			containerPortal = E5B6813C2F1F9DFD0008F88F /* Project object */;
			proxyType = 1;
			remoteGlobalIDString = E5B681432F1F9DFD0008F88F;
			remoteInfo = Ledstjarnan;
		};
		E5B6815C2F1F9DFF0008F88F /* PBXContainerItemProxy */ = {
			isa = PBXContainerItemProxy;
			containerPortal = E5B6813C2F1F9DFD0008F88F /* Project object */;
			proxyType = 1;
			remoteGlobalIDString = E5B681432F1F9DFD0008F88F;
			remoteInfo = Ledstjarnan;
		};
/* End PBXContainerItemProxy section */

/* Begin PBXFileReference section */
		E5B681442F1F9DFD0008F88F /* Ledstjarnan.app */ = {isa = PBXFileReference; explicitFileType = wrapper.application; includeInIndex = 0; path = Ledstjarnan.app; sourceTree = BUILT_PRODUCTS_DIR; };
		E5B681512F1F9DFF0008F88F /* LedstjarnanTests.xctest */ = {isa = PBXFileReference; explicitFileType = wrapper.cfbundle; includeInIndex = 0; path = LedstjarnanTests.xctest; sourceTree = BUILT_PRODUCTS_DIR; };
		E5B6815B2F1F9DFF0008F88F /* LedstjarnanUITests.xctest */ = {isa = PBXFileReference; explicitFileType = wrapper.cfbundle; includeInIndex = 0; path = LedstjarnanUITests.xctest; sourceTree = BUILT_PRODUCTS_DIR; };
		E5EFAB092F3E6DA000A014CD /* SupabaseSchema.md */ = {isa = PBXFileReference; lastKnownFileType = net.daringfireball.markdown; path = SupabaseSchema.md; sourceTree = "<group>"; };
		E5EFAB0B2F3E6DB900A014CD /* LSButton.swift */ = {isa = PBXFileReference; lastKnownFileType = sourcecode.swift; path = LSButton.swift; sourceTree = "<group>"; };
		E5EFAB0C2F3E6DC300A014CD /* LSTextField.swift */ = {isa = PBXFileReference; lastKnownFileType = sourcecode.swift; path = LSTextField.swift; sourceTree = "<group>"; };
		E5EFAB0D2F3E6DCA00A014CD /* LSCard.swift */ = {isa = PBXFileReference; lastKnownFileType = sourcecode.swift; path = LSCard.swift; sourceTree = "<group>"; };
		E5EFAB0E2F3E6DD400A014CD /* LSBadge.swift */ = {isa = PBXFileReference; lastKnownFileType = sourcecode.swift; path = LSBadge.swift; sourceTree = "<group>"; };
		E5EFAB0F2F3E6DDD00A014CD /* LSNavigationBar.swift */ = {isa = PBXFileReference; lastKnownFileType = sourcecode.swift; path = LSNavigationBar.swift; sourceTree = "<group>"; };
		E5EFAB102F3E6DE500A014CD /* LSEmptyState.swift */ = {isa = PBXFileReference; lastKnownFileType = sourcecode.swift; path = LSEmptyState.swift; sourceTree = "<group>"; };
		E5EFAB122F3E6DF800A014CD /* Client.swift */ = {isa = PBXFileReference; lastKnownFileType = sourcecode.swift; path = Client.swift; sourceTree = "<group>"; };
		E5EFAB132F3E6E0D00A014CD /* Assessment.swift */ = {isa = PBXFileReference; lastKnownFileType = sourcecode.swift; path = Assessment.swift; sourceTree = "<group>"; };
		E5EFAB142F3E6E1A00A014CD /* Plan.swift */ = {isa = PBXFileReference; lastKnownFileType = sourcecode.swift; path = Plan.swift; sourceTree = "<group>"; };
		E5EFAB152F3E6E2600A014CD /* Schedule.swift */ = {isa = PBXFileReference; lastKnownFileType = sourcecode.swift; path = Schedule.swift; sourceTree = "<group>"; };
		E5EFAB162F3E6E3A00A014CD /* StaffProfile.swift */ = {isa = PBXFileReference; lastKnownFileType = sourcecode.swift; path = StaffProfile.swift; sourceTree = "<group>"; };
		E5EFAB172F3E6E4700A014CD /* LivbojenChapter.swift */ = {isa = PBXFileReference; lastKnownFileType = sourcecode.swift; path = LivbojenChapter.swift; sourceTree = "<group>"; };
		E5EFAB182F3E6E5300A014CD /* Timeline.swift */ = {isa = PBXFileReference; lastKnownFileType = sourcecode.swift; path = Timeline.swift; sourceTree = "<group>"; };
		E5EFAB192F3E6E9500A014CD /* PROGRESS.md */ = {isa = PBXFileReference; lastKnownFileType = net.daringfireball.markdown; path = PROGRESS.md; sourceTree = "<group>"; };
		E5EFAB1A2F3E6EC500A014CD /* SUPABASE_SETUP.md */ = {isa = PBXFileReference; lastKnownFileType = net.daringfireball.markdown; path = SUPABASE_SETUP.md; sourceTree = "<group>"; };
		E5EFAB1C2F3E714100A014CD /* SupabaseConfig.swift */ = {isa = PBXFileReference; lastKnownFileType = sourcecode.swift; path = SupabaseConfig.swift; sourceTree = "<group>"; };
		E5EFAB1D2F3E715200A014CD /* ADD_SUPABASE_SDK.md */ = {isa = PBXFileReference; lastKnownFileType = net.daringfireball.markdown; path = ADD_SUPABASE_SDK.md; sourceTree = "<group>"; };
		E5EFAB1E2F3E715900A014CD /* SupabaseClient.swift */ = {isa = PBXFileReference; lastKnownFileType = sourcecode.swift; path = SupabaseClient.swift; sourceTree = "<group>"; };
		E5EFAB1F2F3E716200A014CD /* AuthService.swift */ = {isa = PBXFileReference; lastKnownFileType = sourcecode.swift; path = AuthService.swift; sourceTree = "<group>"; };
		E5EFAB202F3E717200A014CD /* StaffService.swift */ = {isa = PBXFileReference; lastKnownFileType = sourcecode.swift; path = StaffService.swift; sourceTree = "<group>"; };
		E5EFAB212F3E719200A014CD /* ClientService.swift */ = {isa = PBXFileReference; lastKnownFileType = sourcecode.swift; path = ClientService.swift; sourceTree = "<group>"; };
		E5EFAB222F3E71C800A014CD /* NEXT_STEPS.md */ = {isa = PBXFileReference; lastKnownFileType = net.daringfireball.markdown; path = NEXT_STEPS.md; sourceTree = "<group>"; };
		E5EFAB302F3E745800A014CD /* schema.sql */ = {isa = PBXFileReference; lastKnownFileType = text; path = schema.sql; sourceTree = "<group>"; };
/* End PBXFileReference section */

/* Begin PBXFileSystemSynchronizedRootGroup section */
		E5B681462F1F9DFD0008F88F /* Ledstjarnan */ = {
			isa = PBXFileSystemSynchronizedRootGroup;
			path = Ledstjarnan;
			sourceTree = "<group>";
		};
		E5B681542F1F9DFF0008F88F /* LedstjarnanTests */ = {
			isa = PBXFileSystemSynchronizedRootGroup;
			path = LedstjarnanTests;
			sourceTree = "<group>";
		};
		E5B6815E2F1F9DFF0008F88F /* LedstjarnanUITests */ = {
			isa = PBXFileSystemSynchronizedRootGroup;
			path = LedstjarnanUITests;
			sourceTree = "<group>";
		};
/* End PBXFileSystemSynchronizedRootGroup section */

/* Begin PBXFrameworksBuildPhase section */
		E5B681412F1F9DFD0008F88F /* Frameworks */ = {
			isa = PBXFrameworksBuildPhase;
			buildActionMask = 2147483647;
			files = (
				E5EFAB292F3E723E00A014CD /* PostgREST in Frameworks */,
				E5EFAB272F3E723E00A014CD /* Functions in Frameworks */,
				E5EFAB2F2F3E723E00A014CD /* Supabase in Frameworks */,
				E5EFAB252F3E723E00A014CD /* Auth in Frameworks */,
				E5EFAB2D2F3E723E00A014CD /* Storage in Frameworks */,
				E5EFAB2B2F3E723E00A014CD /* Realtime in Frameworks */,
			);
			runOnlyForDeploymentPostprocessing = 0;
		};
		E5B6814E2F1F9DFF0008F88F /* Frameworks */ = {
			isa = PBXFrameworksBuildPhase;
			buildActionMask = 2147483647;
			files = (
			);
			runOnlyForDeploymentPostprocessing = 0;
		};
		E5B681582F1F9DFF0008F88F /* Frameworks */ = {
			isa = PBXFrameworksBuildPhase;
			buildActionMask = 2147483647;
			files = (
			);
			runOnlyForDeploymentPostprocessing = 0;
		};
/* End PBXFrameworksBuildPhase section */

/* Begin PBXGroup section */
		E5B6813B2F1F9DFD0008F88F = {
			isa = PBXGroup;
			children = (
				E5B681462F1F9DFD0008F88F /* Ledstjarnan */,
				E5B681542F1F9DFF0008F88F /* LedstjarnanTests */,
				E5B6815E2F1F9DFF0008F88F /* LedstjarnanUITests */,
				E5B681452F1F9DFD0008F88F /* Products */,
				E5EFAB082F3E6D5300A014CD /* Database */,
				E5EFAB0A2F3E6DAB00A014CD /* Components */,
				E5EFAB112F3E6DE700A014CD /* Models */,
				E5EFAB1B2F3E713C00A014CD /* Services */,
			);
			sourceTree = "<group>";
		};
		E5B681452F1F9DFD0008F88F /* Products */ = {
			isa = PBXGroup;
			children = (
				E5B681442F1F9DFD0008F88F /* Ledstjarnan.app */,
				E5B681512F1F9DFF0008F88F /* LedstjarnanTests.xctest */,
				E5B6815B2F1F9DFF0008F88F /* LedstjarnanUITests.xctest */,
			);
			name = Products;
			sourceTree = "<group>";
		};
		E5EFAB082F3E6D5300A014CD /* Database */ = {
			isa = PBXGroup;
			children = (
				E5EFAB092F3E6DA000A014CD /* SupabaseSchema.md */,
				E5EFAB192F3E6E9500A014CD /* PROGRESS.md */,
				E5EFAB1A2F3E6EC500A014CD /* SUPABASE_SETUP.md */,
				E5EFAB1D2F3E715200A014CD /* ADD_SUPABASE_SDK.md */,
				E5EFAB222F3E71C800A014CD /* NEXT_STEPS.md */,
				E5EFAB302F3E745800A014CD /* schema.sql */,
			);
			path = Database;
			sourceTree = "<group>";
		};
		E5EFAB0A2F3E6DAB00A014CD /* Components */ = {
			isa = PBXGroup;
			children = (
				E5EFAB0B2F3E6DB900A014CD /* LSButton.swift */,
				E5EFAB0C2F3E6DC300A014CD /* LSTextField.swift */,
				E5EFAB0D2F3E6DCA00A014CD /* LSCard.swift */,
				E5EFAB0E2F3E6DD400A014CD /* LSBadge.swift */,
				E5EFAB0F2F3E6DDD00A014CD /* LSNavigationBar.swift */,
				E5EFAB102F3E6DE500A014CD /* LSEmptyState.swift */,
			);
			path = Components;
			sourceTree = "<group>";
		};
		E5EFAB112F3E6DE700A014CD /* Models */ = {
			isa = PBXGroup;
			children = (
				E5EFAB122F3E6DF800A014CD /* Client.swift */,
				E5EFAB132F3E6E0D00A014CD /* Assessment.swift */,
				E5EFAB142F3E6E1A00A014CD /* Plan.swift */,
				E5EFAB152F3E6E2600A014CD /* Schedule.swift */,
				E5EFAB162F3E6E3A00A014CD /* StaffProfile.swift */,
				E5EFAB172F3E6E4700A014CD /* LivbojenChapter.swift */,
				E5EFAB182F3E6E5300A014CD /* Timeline.swift */,
			);
			path = Models;
			sourceTree = "<group>";
		};
		E5EFAB1B2F3E713C00A014CD /* Services */ = {
			isa = PBXGroup;
			children = (
				E5EFAB1C2F3E714100A014CD /* SupabaseConfig.swift */,
				E5EFAB1E2F3E715900A014CD /* SupabaseClient.swift */,
				E5EFAB1F2F3E716200A014CD /* AuthService.swift */,
				E5EFAB202F3E717200A014CD /* StaffService.swift */,
				E5EFAB212F3E719200A014CD /* ClientService.swift */,
			);
			path = Services;
			sourceTree = "<group>";
		};
/* End PBXGroup section */

/* Begin PBXNativeTarget section */
		E5B681432F1F9DFD0008F88F /* Ledstjarnan */ = {
			isa = PBXNativeTarget;
			buildConfigurationList = E5B681652F1F9DFF0008F88F /* Build configuration list for PBXNativeTarget "Ledstjarnan" */;
			buildPhases = (
				E5B681402F1F9DFD0008F88F /* Sources */,
				E5B681412F1F9DFD0008F88F /* Frameworks */,
				E5B681422F1F9DFD0008F88F /* Resources */,
			);
			buildRules = (
			);
			dependencies = (
			);
			fileSystemSynchronizedGroups = (
				E5B681462F1F9DFD0008F88F /* Ledstjarnan */,
			);
			name = Ledstjarnan;
			packageProductDependencies = (
				E5EFAB242F3E723E00A014CD /* Auth */,
				E5EFAB262F3E723E00A014CD /* Functions */,
				E5EFAB282F3E723E00A014CD /* PostgREST */,
				E5EFAB2A2F3E723E00A014CD /* Realtime */,
				E5EFAB2C2F3E723E00A014CD /* Storage */,
				E5EFAB2E2F3E723E00A014CD /* Supabase */,
			);
			productName = Ledstjarnan;
			productReference = E5B681442F1F9DFD0008F88F /* Ledstjarnan.app */;
			productType = "com.apple.product-type.application";
		};
		E5B681502F1F9DFF0008F88F /* LedstjarnanTests */ = {
			isa = PBXNativeTarget;
			buildConfigurationList = E5B681682F1F9DFF0008F88F /* Build configuration list for PBXNativeTarget "LedstjarnanTests" */;
			buildPhases = (
				E5B6814D2F1F9DFF0008F88F /* Sources */,
				E5B6814E2F1F9DFF0008F88F /* Frameworks */,
				E5B6814F2F1F9DFF0008F88F /* Resources */,
			);
			buildRules = (
			);
			dependencies = (
				E5B681532F1F9DFF0008F88F /* PBXTargetDependency */,
			);
			fileSystemSynchronizedGroups = (
				E5B681542F1F9DFF0008F88F /* LedstjarnanTests */,
			);
			name = LedstjarnanTests;
			packageProductDependencies = (
			);
			productName = LedstjarnanTests;
			productReference = E5B681512F1F9DFF0008F88F /* LedstjarnanTests.xctest */;
			productType = "com.apple.product-type.bundle.unit-test";
		};
		E5B6815A2F1F9DFF0008F88F /* LedstjarnanUITests */ = {
			isa = PBXNativeTarget;
			buildConfigurationList = E5B6816B2F1F9DFF0008F88F /* Build configuration list for PBXNativeTarget "LedstjarnanUITests" */;
			buildPhases = (
				E5B681572F1F9DFF0008F88F /* Sources */,
				E5B681582F1F9DFF0008F88F /* Frameworks */,
				E5B681592F1F9DFF0008F88F /* Resources */,
			);
			buildRules = (
			);
			dependencies = (
				E5B6815D2F1F9DFF0008F88F /* PBXTargetDependency */,
			);
			fileSystemSynchronizedGroups = (
				E5B6815E2F1F9DFF0008F88F /* LedstjarnanUITests */,
			);
			name = LedstjarnanUITests;
			packageProductDependencies = (
			);
			productName = LedstjarnanUITests;
			productReference = E5B6815B2F1F9DFF0008F88F /* LedstjarnanUITests.xctest */;
			productType = "com.apple.product-type.bundle.ui-testing";
		};
/* End PBXNativeTarget section */

/* Begin PBXProject section */
		E5B6813C2F1F9DFD0008F88F /* Project object */ = {
			isa = PBXProject;
			attributes = {
				BuildIndependentTargetsInParallel = 1;
				LastSwiftUpdateCheck = 2620;
				LastUpgradeCheck = 2620;
				TargetAttributes = {
					E5B681432F1F9DFD0008F88F = {
						CreatedOnToolsVersion = 26.2;
					};
					E5B681502F1F9DFF0008F88F = {
						CreatedOnToolsVersion = 26.2;
						TestTargetID = E5B681432F1F9DFD0008F88F;
					};
					E5B6815A2F1F9DFF0008F88F = {
						CreatedOnToolsVersion = 26.2;
						TestTargetID = E5B681432F1F9DFD0008F88F;
					};
				};
			};
			buildConfigurationList = E5B6813F2F1F9DFD0008F88F /* Build configuration list for PBXProject "Ledstjarnan" */;
			developmentRegion = en;
			hasScannedForEncodings = 0;
			knownRegions = (
				en,
				Base,
			);
			mainGroup = E5B6813B2F1F9DFD0008F88F;
			minimizedProjectReferenceProxies = 1;
			packageReferences = (
				E5EFAB232F3E723E00A014CD /* XCRemoteSwiftPackageReference "supabase-swift" */,
			);
			preferredProjectObjectVersion = 77;
			productRefGroup = E5B681452F1F9DFD0008F88F /* Products */;
			projectDirPath = "";
			projectRoot = "";
			targets = (
				E5B681432F1F9DFD0008F88F /* Ledstjarnan */,
				E5B681502F1F9DFF0008F88F /* LedstjarnanTests */,
				E5B6815A2F1F9DFF0008F88F /* LedstjarnanUITests */,
			);
		};
/* End PBXProject section */

/* Begin PBXResourcesBuildPhase section */
		E5B681422F1F9DFD0008F88F /* Resources */ = {
			isa = PBXResourcesBuildPhase;
			buildActionMask = 2147483647;
			files = (
			);
			runOnlyForDeploymentPostprocessing = 0;
		};
		E5B6814F2F1F9DFF0008F88F /* Resources */ = {
			isa = PBXResourcesBuildPhase;
			buildActionMask = 2147483647;
			files = (
			);
			runOnlyForDeploymentPostprocessing = 0;
		};
		E5B681592F1F9DFF0008F88F /* Resources */ = {
			isa = PBXResourcesBuildPhase;
			buildActionMask = 2147483647;
			files = (
			);
			runOnlyForDeploymentPostprocessing = 0;
		};
/* End PBXResourcesBuildPhase section */

/* Begin PBXSourcesBuildPhase section */
		E5B681402F1F9DFD0008F88F /* Sources */ = {
			isa = PBXSourcesBuildPhase;
			buildActionMask = 2147483647;
			files = (
			);
			runOnlyForDeploymentPostprocessing = 0;
		};
		E5B6814D2F1F9DFF0008F88F /* Sources */ = {
			isa = PBXSourcesBuildPhase;
			buildActionMask = 2147483647;
			files = (
			);
			runOnlyForDeploymentPostprocessing = 0;
		};
		E5B681572F1F9DFF0008F88F /* Sources */ = {
			isa = PBXSourcesBuildPhase;
			buildActionMask = 2147483647;
			files = (
			);
			runOnlyForDeploymentPostprocessing = 0;
		};
/* End PBXSourcesBuildPhase section */

/* Begin PBXTargetDependency section */
		E5B681532F1F9DFF0008F88F /* PBXTargetDependency */ = {
			isa = PBXTargetDependency;
			target = E5B681432F1F9DFD0008F88F /* Ledstjarnan */;
			targetProxy = E5B681522F1F9DFF0008F88F /* PBXContainerItemProxy */;
		};
		E5B6815D2F1F9DFF0008F88F /* PBXTargetDependency */ = {
			isa = PBXTargetDependency;
			target = E5B681432F1F9DFD0008F88F /* Ledstjarnan */;
			targetProxy = E5B6815C2F1F9DFF0008F88F /* PBXContainerItemProxy */;
		};
/* End PBXTargetDependency section */

/* Begin XCBuildConfiguration section */
		E5B681632F1F9DFF0008F88F /* Debug */ = {
			isa = XCBuildConfiguration;
			buildSettings = {
				ALWAYS_SEARCH_USER_PATHS = NO;
				ASSETCATALOG_COMPILER_GENERATE_SWIFT_ASSET_SYMBOL_EXTENSIONS = YES;
				CLANG_ANALYZER_NONNULL = YES;
				CLANG_ANALYZER_NUMBER_OBJECT_CONVERSION = YES_AGGRESSIVE;
				CLANG_CXX_LANGUAGE_STANDARD = "gnu++20";
				CLANG_ENABLE_MODULES = YES;
				CLANG_ENABLE_OBJC_ARC = YES;
				CLANG_ENABLE_OBJC_WEAK = YES;
				CLANG_WARN_BLOCK_CAPTURE_AUTORELEASING = YES;
				CLANG_WARN_BOOL_CONVERSION = YES;
				CLANG_WARN_COMMA = YES;
				CLANG_WARN_CONSTANT_CONVERSION = YES;
				CLANG_WARN_DEPRECATED_OBJC_IMPLEMENTATIONS = YES;
				CLANG_WARN_DIRECT_OBJC_ISA_USAGE = YES_ERROR;
				CLANG_WARN_DOCUMENTATION_COMMENTS = YES;
				CLANG_WARN_EMPTY_BODY = YES;
				CLANG_WARN_ENUM_CONVERSION = YES;
				CLANG_WARN_INFINITE_RECURSION = YES;
				CLANG_WARN_INT_CONVERSION = YES;
				CLANG_WARN_NON_LITERAL_NULL_CONVERSION = YES;
				CLANG_WARN_OBJC_IMPLICIT_RETAIN_SELF = YES;
				CLANG_WARN_OBJC_LITERAL_CONVERSION = YES;
				CLANG_WARN_OBJC_ROOT_CLASS = YES_ERROR;
				CLANG_WARN_QUOTED_INCLUDE_IN_FRAMEWORK_HEADER = YES;
				CLANG_WARN_RANGE_LOOP_ANALYSIS = YES;
				CLANG_WARN_STRICT_PROTOTYPES = YES;
				CLANG_WARN_SUSPICIOUS_MOVE = YES;
				CLANG_WARN_UNGUARDED_AVAILABILITY = YES_AGGRESSIVE;
				CLANG_WARN_UNREACHABLE_CODE = YES;
				CLANG_WARN__DUPLICATE_METHOD_MATCH = YES;
				COPY_PHASE_STRIP = NO;
				DEBUG_INFORMATION_FORMAT = dwarf;
				ENABLE_STRICT_OBJC_MSGSEND = YES;
				ENABLE_TESTABILITY = YES;
				ENABLE_USER_SCRIPT_SANDBOXING = YES;
				GCC_C_LANGUAGE_STANDARD = gnu17;
				GCC_DYNAMIC_NO_PIC = NO;
				GCC_NO_COMMON_BLOCKS = YES;
				GCC_OPTIMIZATION_LEVEL = 0;
				GCC_PREPROCESSOR_DEFINITIONS = (
					"DEBUG=1",
					"$(inherited)",
				);
				GCC_WARN_64_TO_32_BIT_CONVERSION = YES;
				GCC_WARN_ABOUT_RETURN_TYPE = YES_ERROR;
				GCC_WARN_UNDECLARED_SELECTOR = YES;
				GCC_WARN_UNINITIALIZED_AUTOS = YES_AGGRESSIVE;
				GCC_WARN_UNUSED_FUNCTION = YES;
				GCC_WARN_UNUSED_VARIABLE = YES;
				IPHONEOS_DEPLOYMENT_TARGET = 26.2;
				LOCALIZATION_PREFERS_STRING_CATALOGS = YES;
				MTL_ENABLE_DEBUG_INFO = INCLUDE_SOURCE;
				MTL_FAST_MATH = YES;
				ONLY_ACTIVE_ARCH = YES;
				SDKROOT = iphoneos;
				SWIFT_ACTIVE_COMPILATION_CONDITIONS = "DEBUG $(inherited)";
				SWIFT_OPTIMIZATION_LEVEL = "-Onone";
			};
			name = Debug;
		};
		E5B681642F1F9DFF0008F88F /* Release */ = {
			isa = XCBuildConfiguration;
			buildSettings = {
				ALWAYS_SEARCH_USER_PATHS = NO;
				ASSETCATALOG_COMPILER_GENERATE_SWIFT_ASSET_SYMBOL_EXTENSIONS = YES;
				CLANG_ANALYZER_NONNULL = YES;
				CLANG_ANALYZER_NUMBER_OBJECT_CONVERSION = YES_AGGRESSIVE;
				CLANG_CXX_LANGUAGE_STANDARD = "gnu++20";
				CLANG_ENABLE_MODULES = YES;
				CLANG_ENABLE_OBJC_ARC = YES;
				CLANG_ENABLE_OBJC_WEAK = YES;
				CLANG_WARN_BLOCK_CAPTURE_AUTORELEASING = YES;
				CLANG_WARN_BOOL_CONVERSION = YES;
				CLANG_WARN_COMMA = YES;
				CLANG_WARN_CONSTANT_CONVERSION = YES;
				CLANG_WARN_DEPRECATED_OBJC_IMPLEMENTATIONS = YES;
				CLANG_WARN_DIRECT_OBJC_ISA_USAGE = YES_ERROR;
				CLANG_WARN_DOCUMENTATION_COMMENTS = YES;
				CLANG_WARN_EMPTY_BODY = YES;
				CLANG_WARN_ENUM_CONVERSION = YES;
				CLANG_WARN_INFINITE_RECURSION = YES;
				CLANG_WARN_INT_CONVERSION = YES;
				CLANG_WARN_NON_LITERAL_NULL_CONVERSION = YES;
				CLANG_WARN_OBJC_IMPLICIT_RETAIN_SELF = YES;
				CLANG_WARN_OBJC_LITERAL_CONVERSION = YES;
				CLANG_WARN_OBJC_ROOT_CLASS = YES_ERROR;
				CLANG_WARN_QUOTED_INCLUDE_IN_FRAMEWORK_HEADER = YES;
				CLANG_WARN_RANGE_LOOP_ANALYSIS = YES;
				CLANG_WARN_STRICT_PROTOTYPES = YES;
				CLANG_WARN_SUSPICIOUS_MOVE = YES;
				CLANG_WARN_UNGUARDED_AVAILABILITY = YES_AGGRESSIVE;
				CLANG_WARN_UNREACHABLE_CODE = YES;
				CLANG_WARN__DUPLICATE_METHOD_MATCH = YES;
				COPY_PHASE_STRIP = NO;
				DEBUG_INFORMATION_FORMAT = "dwarf-with-dsym";
				ENABLE_NS_ASSERTIONS = NO;
				ENABLE_STRICT_OBJC_MSGSEND = YES;
				ENABLE_USER_SCRIPT_SANDBOXING = YES;
				GCC_C_LANGUAGE_STANDARD = gnu17;
				GCC_NO_COMMON_BLOCKS = YES;
				GCC_WARN_64_TO_32_BIT_CONVERSION = YES;
				GCC_WARN_ABOUT_RETURN_TYPE = YES_ERROR;
				GCC_WARN_UNDECLARED_SELECTOR = YES;
				GCC_WARN_UNINITIALIZED_AUTOS = YES_AGGRESSIVE;
				GCC_WARN_UNUSED_FUNCTION = YES;
				GCC_WARN_UNUSED_VARIABLE = YES;
				IPHONEOS_DEPLOYMENT_TARGET = 26.2;
				LOCALIZATION_PREFERS_STRING_CATALOGS = YES;
				MTL_ENABLE_DEBUG_INFO = NO;
				MTL_FAST_MATH = YES;
				SDKROOT = iphoneos;
				SWIFT_COMPILATION_MODE = wholemodule;
				VALIDATE_PRODUCT = YES;
			};
			name = Release;
		};
		E5B681662F1F9DFF0008F88F /* Debug */ = {
			isa = XCBuildConfiguration;
			buildSettings = {
				ASSETCATALOG_COMPILER_APPICON_NAME = AppIcon;
				ASSETCATALOG_COMPILER_GLOBAL_ACCENT_COLOR_NAME = AccentColor;
				CODE_SIGN_STYLE = Automatic;
				CURRENT_PROJECT_VERSION = 1;
				DEVELOPMENT_TEAM = 32CL46328B;
				ENABLE_PREVIEWS = YES;
				GENERATE_INFOPLIST_FILE = YES;
				INFOPLIST_KEY_UIApplicationSceneManifest_Generation = YES;
				INFOPLIST_KEY_UIApplicationSupportsIndirectInputEvents = YES;
				INFOPLIST_KEY_UILaunchScreen_Generation = YES;
				INFOPLIST_KEY_UISupportedInterfaceOrientations_iPad = "UIInterfaceOrientationPortrait UIInterfaceOrientationPortraitUpsideDown UIInterfaceOrientationLandscapeLeft UIInterfaceOrientationLandscapeRight";
				INFOPLIST_KEY_UISupportedInterfaceOrientations_iPhone = "UIInterfaceOrientationPortrait UIInterfaceOrientationLandscapeLeft UIInterfaceOrientationLandscapeRight";
				LD_RUNPATH_SEARCH_PATHS = (
					"$(inherited)",
					"@executable_path/Frameworks",
				);
				MARKETING_VERSION = 1.0;
				PRODUCT_BUNDLE_IDENTIFIER = vasterbo.Ledstjarnan;
				PRODUCT_NAME = "$(TARGET_NAME)";
				STRING_CATALOG_GENERATE_SYMBOLS = YES;
				SWIFT_APPROACHABLE_CONCURRENCY = YES;
				SWIFT_DEFAULT_ACTOR_ISOLATION = MainActor;
				SWIFT_EMIT_LOC_STRINGS = YES;
				SWIFT_UPCOMING_FEATURE_MEMBER_IMPORT_VISIBILITY = YES;
				SWIFT_VERSION = 5.0;
				TARGETED_DEVICE_FAMILY = "1,2";
			};
			name = Debug;
		};
		E5B681672F1F9DFF0008F88F /* Release */ = {
			isa = XCBuildConfiguration;
			buildSettings = {
				ASSETCATALOG_COMPILER_APPICON_NAME = AppIcon;
				ASSETCATALOG_COMPILER_GLOBAL_ACCENT_COLOR_NAME = AccentColor;
				CODE_SIGN_STYLE = Automatic;
				CURRENT_PROJECT_VERSION = 1;
				DEVELOPMENT_TEAM = 32CL46328B;
				ENABLE_PREVIEWS = YES;
				GENERATE_INFOPLIST_FILE = YES;
				INFOPLIST_KEY_UIApplicationSceneManifest_Generation = YES;
				INFOPLIST_KEY_UIApplicationSupportsIndirectInputEvents = YES;
				INFOPLIST_KEY_UILaunchScreen_Generation = YES;
				INFOPLIST_KEY_UISupportedInterfaceOrientations_iPad = "UIInterfaceOrientationPortrait UIInterfaceOrientationPortraitUpsideDown UIInterfaceOrientationLandscapeLeft UIInterfaceOrientationLandscapeRight";
				INFOPLIST_KEY_UISupportedInterfaceOrientations_iPhone = "UIInterfaceOrientationPortrait UIInterfaceOrientationLandscapeLeft UIInterfaceOrientationLandscapeRight";
				LD_RUNPATH_SEARCH_PATHS = (
					"$(inherited)",
					"@executable_path/Frameworks",
				);
				MARKETING_VERSION = 1.0;
				PRODUCT_BUNDLE_IDENTIFIER = vasterbo.Ledstjarnan;
				PRODUCT_NAME = "$(TARGET_NAME)";
				STRING_CATALOG_GENERATE_SYMBOLS = YES;
				SWIFT_APPROACHABLE_CONCURRENCY = YES;
				SWIFT_DEFAULT_ACTOR_ISOLATION = MainActor;
				SWIFT_EMIT_LOC_STRINGS = YES;
				SWIFT_UPCOMING_FEATURE_MEMBER_IMPORT_VISIBILITY = YES;
				SWIFT_VERSION = 5.0;
				TARGETED_DEVICE_FAMILY = "1,2";
			};
			name = Release;
		};
		E5B681692F1F9DFF0008F88F /* Debug */ = {
			isa = XCBuildConfiguration;
			buildSettings = {
				BUNDLE_LOADER = "$(TEST_HOST)";
				CODE_SIGN_STYLE = Automatic;
				CURRENT_PROJECT_VERSION = 1;
				GENERATE_INFOPLIST_FILE = YES;
				IPHONEOS_DEPLOYMENT_TARGET = 26.2;
				MARKETING_VERSION = 1.0;
				PRODUCT_BUNDLE_IDENTIFIER = vasterbo.LedstjarnanTests;
				PRODUCT_NAME = "$(TARGET_NAME)";
				STRING_CATALOG_GENERATE_SYMBOLS = NO;
				SWIFT_APPROACHABLE_CONCURRENCY = YES;
				SWIFT_EMIT_LOC_STRINGS = NO;
				SWIFT_UPCOMING_FEATURE_MEMBER_IMPORT_VISIBILITY = YES;
				SWIFT_VERSION = 5.0;
				TARGETED_DEVICE_FAMILY = "1,2";
				TEST_HOST = "$(BUILT_PRODUCTS_DIR)/Ledstjarnan.app/$(BUNDLE_EXECUTABLE_FOLDER_PATH)/Ledstjarnan";
			};
			name = Debug;
		};
		E5B6816A2F1F9DFF0008F88F /* Release */ = {
			isa = XCBuildConfiguration;
			buildSettings = {
				BUNDLE_LOADER = "$(TEST_HOST)";
				CODE_SIGN_STYLE = Automatic;
				CURRENT_PROJECT_VERSION = 1;
				GENERATE_INFOPLIST_FILE = YES;
				IPHONEOS_DEPLOYMENT_TARGET = 26.2;
				MARKETING_VERSION = 1.0;
				PRODUCT_BUNDLE_IDENTIFIER = vasterbo.LedstjarnanTests;
				PRODUCT_NAME = "$(TARGET_NAME)";
				STRING_CATALOG_GENERATE_SYMBOLS = NO;
				SWIFT_APPROACHABLE_CONCURRENCY = YES;
				SWIFT_EMIT_LOC_STRINGS = NO;
				SWIFT_UPCOMING_FEATURE_MEMBER_IMPORT_VISIBILITY = YES;
				SWIFT_VERSION = 5.0;
				TARGETED_DEVICE_FAMILY = "1,2";
				TEST_HOST = "$(BUILT_PRODUCTS_DIR)/Ledstjarnan.app/$(BUNDLE_EXECUTABLE_FOLDER_PATH)/Ledstjarnan";
			};
			name = Release;
		};
		E5B6816C2F1F9DFF0008F88F /* Debug */ = {
			isa = XCBuildConfiguration;
			buildSettings = {
				CODE_SIGN_STYLE = Automatic;
				CURRENT_PROJECT_VERSION = 1;
				GENERATE_INFOPLIST_FILE = YES;
				MARKETING_VERSION = 1.0;
				PRODUCT_BUNDLE_IDENTIFIER = vasterbo.LedstjarnanUITests;
				PRODUCT_NAME = "$(TARGET_NAME)";
				STRING_CATALOG_GENERATE_SYMBOLS = NO;
				SWIFT_APPROACHABLE_CONCURRENCY = YES;
				SWIFT_EMIT_LOC_STRINGS = NO;
				SWIFT_UPCOMING_FEATURE_MEMBER_IMPORT_VISIBILITY = YES;
				SWIFT_VERSION = 5.0;
				TARGETED_DEVICE_FAMILY = "1,2";
				TEST_TARGET_NAME = Ledstjarnan;
			};
			name = Debug;
		};
		E5B6816D2F1F9DFF0008F88F /* Release */ = {
			isa = XCBuildConfiguration;
			buildSettings = {
				CODE_SIGN_STYLE = Automatic;
				CURRENT_PROJECT_VERSION = 1;
				GENERATE_INFOPLIST_FILE = YES;
				MARKETING_VERSION = 1.0;
				PRODUCT_BUNDLE_IDENTIFIER = vasterbo.LedstjarnanUITests;
				PRODUCT_NAME = "$(TARGET_NAME)";
				STRING_CATALOG_GENERATE_SYMBOLS = NO;
				SWIFT_APPROACHABLE_CONCURRENCY = YES;
				SWIFT_EMIT_LOC_STRINGS = NO;
				SWIFT_UPCOMING_FEATURE_MEMBER_IMPORT_VISIBILITY = YES;
				SWIFT_VERSION = 5.0;
				TARGETED_DEVICE_FAMILY = "1,2";
				TEST_TARGET_NAME = Ledstjarnan;
			};
			name = Release;
		};
/* End XCBuildConfiguration section */

/* Begin XCConfigurationList section */
		E5B6813F2F1F9DFD0008F88F /* Build configuration list for PBXProject "Ledstjarnan" */ = {
			isa = XCConfigurationList;
			buildConfigurations = (
				E5B681632F1F9DFF0008F88F /* Debug */,
				E5B681642F1F9DFF0008F88F /* Release */,
			);
			defaultConfigurationIsVisible = 0;
			defaultConfigurationName = Release;
		};
		E5B681652F1F9DFF0008F88F /* Build configuration list for PBXNativeTarget "Ledstjarnan" */ = {
			isa = XCConfigurationList;
			buildConfigurations = (
				E5B681662F1F9DFF0008F88F /* Debug */,
				E5B681672F1F9DFF0008F88F /* Release */,
			);
			defaultConfigurationIsVisible = 0;
			defaultConfigurationName = Release;
		};
		E5B681682F1F9DFF0008F88F /* Build configuration list for PBXNativeTarget "LedstjarnanTests" */ = {
			isa = XCConfigurationList;
			buildConfigurations = (
				E5B681692F1F9DFF0008F88F /* Debug */,
				E5B6816A2F1F9DFF0008F88F /* Release */,
			);
			defaultConfigurationIsVisible = 0;
			defaultConfigurationName = Release;
		};
		E5B6816B2F1F9DFF0008F88F /* Build configuration list for PBXNativeTarget "LedstjarnanUITests" */ = {
			isa = XCConfigurationList;
			buildConfigurations = (
				E5B6816C2F1F9DFF0008F88F /* Debug */,
				E5B6816D2F1F9DFF0008F88F /* Release */,
			);
			defaultConfigurationIsVisible = 0;
			defaultConfigurationName = Release;
		};
/* End XCConfigurationList section */

/* Begin XCRemoteSwiftPackageReference section */
		E5EFAB232F3E723E00A014CD /* XCRemoteSwiftPackageReference "supabase-swift" */ = {
			isa = XCRemoteSwiftPackageReference;
			repositoryURL = "https://github.com/supabase/supabase-swift";
			requirement = {
				kind = upToNextMajorVersion;
				minimumVersion = 2.5.1;
			};
		};
/* End XCRemoteSwiftPackageReference section */

/* Begin XCSwiftPackageProductDependency section */
		E5EFAB242F3E723E00A014CD /* Auth */ = {
			isa = XCSwiftPackageProductDependency;
			package = E5EFAB232F3E723E00A014CD /* XCRemoteSwiftPackageReference "supabase-swift" */;
			productName = Auth;
		};
		E5EFAB262F3E723E00A014CD /* Functions */ = {
			isa = XCSwiftPackageProductDependency;
			package = E5EFAB232F3E723E00A014CD /* XCRemoteSwiftPackageReference "supabase-swift" */;
			productName = Functions;
		};
		E5EFAB282F3E723E00A014CD /* PostgREST */ = {
			isa = XCSwiftPackageProductDependency;
			package = E5EFAB232F3E723E00A014CD /* XCRemoteSwiftPackageReference "supabase-swift" */;
			productName = PostgREST;
		};
		E5EFAB2A2F3E723E00A014CD /* Realtime */ = {
			isa = XCSwiftPackageProductDependency;
			package = E5EFAB232F3E723E00A014CD /* XCRemoteSwiftPackageReference "supabase-swift" */;
			productName = Realtime;
		};
		E5EFAB2C2F3E723E00A014CD /* Storage */ = {
			isa = XCSwiftPackageProductDependency;
			package = E5EFAB232F3E723E00A014CD /* XCRemoteSwiftPackageReference "supabase-swift" */;
			productName = Storage;
		};
		E5EFAB2E2F3E723E00A014CD /* Supabase */ = {
			isa = XCSwiftPackageProductDependency;
			package = E5EFAB232F3E723E00A014CD /* XCRemoteSwiftPackageReference "supabase-swift" */;
			productName = Supabase;
		};
/* End XCSwiftPackageProductDependency section */
	};
	rootObject = E5B6813C2F1F9DFD0008F88F /* Project object */;
}
